
Microsoft Visual Studio Solution File, Format Version 12.00
# Visual Studio Version 17
VisualStudioVersion = 17.5.002.0
MinimumVisualStudioVersion = 10.0.40219.1
Project("{9A19103F-16F7-4668-BE54-9A1E7A4F7556}") = "MovieRecs", "MovieRecs.csproj", "{EAEB188F-5EE4-4037-9B31-F66A94B29E86}"
EndProject
Global
	GlobalSection(SolutionConfigurationPlatforms) = preSolution
		Debug|Any CPU = Debug|Any CPU
		Release|Any CPU = Release|Any CPU
	EndGlobalSection
	GlobalSection(ProjectConfigurationPlatforms) = postSolution
		{EAEB188F-5EE4-4037-9B31-F66A94B29E86}.Debug|Any CPU.ActiveCfg = Debug|Any CPU
		{EAEB188F-5EE4-4037-9B31-F66A94B29E86}.Debug|Any CPU.Build.0 = Debug|Any CPU
		{EAEB188F-5EE4-4037-9B31-F66A94B29E86}.Release|Any CPU.ActiveCfg = Release|Any CPU
		{EAEB188F-5EE4-4037-9B31-F66A94B29E86}.Release|Any CPU.Build.0 = Release|Any CPU
	EndGlobalSection
	GlobalSection(SolutionProperties) = preSolution
		HideSolutionNode = FALSE
	EndGlobalSection
	GlobalSection(ExtensibilityGlobals) = postSolution
		SolutionGuid = {1C55618C-74DA-4BC7-98AC-19EA02B0D460}
	EndGlobalSection
EndGlobal
