
Microsoft Visual Studio Solution File, Format Version 12.00
# Visual Studio Version 17
VisualStudioVersion = 17.5.002.0
MinimumVisualStudioVersion = 10.0.40219.1
Project("{9A19103F-16F7-4668-BE54-9A1E7A4F7556}") = "HelloWorld", "HelloWorld\HelloWorld.csproj", "{E20B66DC-DE25-449C-8D07-D0E0326BA374}"
EndProject
Project("{2150E333-8FDC-42A3-9474-1A3956D46DE8}") = "Kapitel-1", "Kapitel-1", "{562580FF-CD0A-491C-82E7-38177918B3DA}"
EndProject
Project("{9A19103F-16F7-4668-BE54-9A1E7A4F7556}") = "AgeControl", "Kapitel-1\AgeControl\AgeControl.csproj", "{0EE2FA3B-ACA2-4110-993C-9C2965BB1AB1}"
EndProject
Project("{9A19103F-16F7-4668-BE54-9A1E7A4F7556}") = "Bil_Uthyrning", "Kapitel-1\Bil_Uthyrning\Bil_Uthyrning.csproj", "{A6BDF224-6C34-4A7F-9E62-6ACC78D2766D}"
EndProject
Project("{9A19103F-16F7-4668-BE54-9A1E7A4F7556}") = "Lucktext", "Kapitel-1\Lucktext\Lucktext.csproj", "{BB003091-D560-4023-8197-9F5A0A1212AE}"
EndProject
Project("{9A19103F-16F7-4668-BE54-9A1E7A4F7556}") = "Registrering", "Kapitel-1\Registrering\Registrering.csproj", "{CD5D840D-4491-438E-8B95-09288AAF75CB}"
EndProject
Project("{9A19103F-16F7-4668-BE54-9A1E7A4F7556}") = "Sektid", "Kapitel-1\Sektid\Sektid.csproj", "{0931B8EA-30CD-4C1E-81E8-EA61019DB964}"
EndProject
Project("{2150E333-8FDC-42A3-9474-1A3956D46DE8}") = "Kapitel-3", "Kapitel-3", "{9679C213-7525-4554-87BC-BD372DF674EC}"
EndProject
Project("{9A19103F-16F7-4668-BE54-9A1E7A4F7556}") = "EngChart", "Kapitel-3\EngChart\EngChart.csproj", "{E992E180-8825-44B6-A419-C9325CAABF68}"
EndProject
Project("{9A19103F-16F7-4668-BE54-9A1E7A4F7556}") = "InteractiveStory", "Kapitel-3\InteractiveStory\InteractiveStory.csproj", "{D44B6215-C369-4C58-9ACC-0EEDD2622720}"
EndProject
Global
	GlobalSection(SolutionConfigurationPlatforms) = preSolution
		Debug|Any CPU = Debug|Any CPU
		Release|Any CPU = Release|Any CPU
	EndGlobalSection
	GlobalSection(ProjectConfigurationPlatforms) = postSolution
		{E20B66DC-DE25-449C-8D07-D0E0326BA374}.Debug|Any CPU.ActiveCfg = Debug|Any CPU
		{E20B66DC-DE25-449C-8D07-D0E0326BA374}.Debug|Any CPU.Build.0 = Debug|Any CPU
		{E20B66DC-DE25-449C-8D07-D0E0326BA374}.Release|Any CPU.ActiveCfg = Release|Any CPU
		{E20B66DC-DE25-449C-8D07-D0E0326BA374}.Release|Any CPU.Build.0 = Release|Any CPU
		{0EE2FA3B-ACA2-4110-993C-9C2965BB1AB1}.Debug|Any CPU.ActiveCfg = Debug|Any CPU
		{0EE2FA3B-ACA2-4110-993C-9C2965BB1AB1}.Debug|Any CPU.Build.0 = Debug|Any CPU
		{0EE2FA3B-ACA2-4110-993C-9C2965BB1AB1}.Release|Any CPU.ActiveCfg = Release|Any CPU
		{0EE2FA3B-ACA2-4110-993C-9C2965BB1AB1}.Release|Any CPU.Build.0 = Release|Any CPU
		{A6BDF224-6C34-4A7F-9E62-6ACC78D2766D}.Debug|Any CPU.ActiveCfg = Debug|Any CPU
		{A6BDF224-6C34-4A7F-9E62-6ACC78D2766D}.Debug|Any CPU.Build.0 = Debug|Any CPU
		{A6BDF224-6C34-4A7F-9E62-6ACC78D2766D}.Release|Any CPU.ActiveCfg = Release|Any CPU
		{A6BDF224-6C34-4A7F-9E62-6ACC78D2766D}.Release|Any CPU.Build.0 = Release|Any CPU
		{BB003091-D560-4023-8197-9F5A0A1212AE}.Debug|Any CPU.ActiveCfg = Debug|Any CPU
		{BB003091-D560-4023-8197-9F5A0A1212AE}.Debug|Any CPU.Build.0 = Debug|Any CPU
		{BB003091-D560-4023-8197-9F5A0A1212AE}.Release|Any CPU.ActiveCfg = Release|Any CPU
		{BB003091-D560-4023-8197-9F5A0A1212AE}.Release|Any CPU.Build.0 = Release|Any CPU
		{CD5D840D-4491-438E-8B95-09288AAF75CB}.Debug|Any CPU.ActiveCfg = Debug|Any CPU
		{CD5D840D-4491-438E-8B95-09288AAF75CB}.Debug|Any CPU.Build.0 = Debug|Any CPU
		{CD5D840D-4491-438E-8B95-09288AAF75CB}.Release|Any CPU.ActiveCfg = Release|Any CPU
		{CD5D840D-4491-438E-8B95-09288AAF75CB}.Release|Any CPU.Build.0 = Release|Any CPU
		{0931B8EA-30CD-4C1E-81E8-EA61019DB964}.Debug|Any CPU.ActiveCfg = Debug|Any CPU
		{0931B8EA-30CD-4C1E-81E8-EA61019DB964}.Debug|Any CPU.Build.0 = Debug|Any CPU
		{0931B8EA-30CD-4C1E-81E8-EA61019DB964}.Release|Any CPU.ActiveCfg = Release|Any CPU
		{0931B8EA-30CD-4C1E-81E8-EA61019DB964}.Release|Any CPU.Build.0 = Release|Any CPU
		{E992E180-8825-44B6-A419-C9325CAABF68}.Debug|Any CPU.ActiveCfg = Debug|Any CPU
		{E992E180-8825-44B6-A419-C9325CAABF68}.Debug|Any CPU.Build.0 = Debug|Any CPU
		{E992E180-8825-44B6-A419-C9325CAABF68}.Release|Any CPU.ActiveCfg = Release|Any CPU
		{E992E180-8825-44B6-A419-C9325CAABF68}.Release|Any CPU.Build.0 = Release|Any CPU
		{D44B6215-C369-4C58-9ACC-0EEDD2622720}.Debug|Any CPU.ActiveCfg = Debug|Any CPU
		{D44B6215-C369-4C58-9ACC-0EEDD2622720}.Debug|Any CPU.Build.0 = Debug|Any CPU
		{D44B6215-C369-4C58-9ACC-0EEDD2622720}.Release|Any CPU.ActiveCfg = Release|Any CPU
		{D44B6215-C369-4C58-9ACC-0EEDD2622720}.Release|Any CPU.Build.0 = Release|Any CPU
	EndGlobalSection
	GlobalSection(SolutionProperties) = preSolution
		HideSolutionNode = FALSE
	EndGlobalSection
	GlobalSection(NestedProjects) = preSolution
		{0EE2FA3B-ACA2-4110-993C-9C2965BB1AB1} = {562580FF-CD0A-491C-82E7-38177918B3DA}
		{A6BDF224-6C34-4A7F-9E62-6ACC78D2766D} = {562580FF-CD0A-491C-82E7-38177918B3DA}
		{BB003091-D560-4023-8197-9F5A0A1212AE} = {562580FF-CD0A-491C-82E7-38177918B3DA}
		{CD5D840D-4491-438E-8B95-09288AAF75CB} = {562580FF-CD0A-491C-82E7-38177918B3DA}
		{0931B8EA-30CD-4C1E-81E8-EA61019DB964} = {562580FF-CD0A-491C-82E7-38177918B3DA}
		{E992E180-8825-44B6-A419-C9325CAABF68} = {9679C213-7525-4554-87BC-BD372DF674EC}
		{D44B6215-C369-4C58-9ACC-0EEDD2622720} = {9679C213-7525-4554-87BC-BD372DF674EC}
	EndGlobalSection
	GlobalSection(ExtensibilityGlobals) = postSolution
		SolutionGuid = {2D76C46C-A758-470D-8CA3-EF894D46D07B}
	EndGlobalSection
EndGlobal
