
Microsoft Visual Studio Solution File, Format Version 12.00
# Visual Studio Version 17
VisualStudioVersion = 17.5.002.0
MinimumVisualStudioVersion = 10.0.40219.1
Project("{9A19103F-16F7-4668-BE54-9A1E7A4F7556}") = "HelloWorld", "HelloWorld\HelloWorld.csproj", "{05901D29-BD3A-4E16-9389-3B05C8EF1D3D}"
EndProject
Project("{2150E333-8FDC-42A3-9474-1A3956D46DE8}") = "Kapitel-1", "Kapitel-1", "{00286116-6768-495C-9F7F-557F80DE98E5}"
EndProject
Project("{9A19103F-16F7-4668-BE54-9A1E7A4F7556}") = "AgeControl", "Kapitel-1\AgeControl\AgeControl.csproj", "{07C392A0-5935-40AD-8B92-B2AA455B5E7B}"
EndProject
Project("{9A19103F-16F7-4668-BE54-9A1E7A4F7556}") = "Bil_Uthyrning", "Kapitel-1\Bil_Uthyrning\Bil_Uthyrning.csproj", "{CF2AF9DA-CFF8-4A42-A9E8-AD54A257DCD8}"
EndProject
Project("{9A19103F-16F7-4668-BE54-9A1E7A4F7556}") = "Lucktext", "Kapitel-1\Lucktext\Lucktext.csproj", "{8E1156E1-044E-45F7-B1D8-EE7CDABDF9B9}"
EndProject
Project("{9A19103F-16F7-4668-BE54-9A1E7A4F7556}") = "Registrering", "Kapitel-1\Registrering\Registrering.csproj", "{984735D3-95B3-46D3-A5E5-C7CFE8B622C0}"
EndProject
Project("{9A19103F-16F7-4668-BE54-9A1E7A4F7556}") = "Sektid", "Kapitel-1\Sektid\Sektid.csproj", "{7F8BC35D-0F65-4F90-94BC-F6569235F817}"
EndProject
Project("{2150E333-8FDC-42A3-9474-1A3956D46DE8}") = "Kapitel-3", "Kapitel-3", "{30BEF356-EE5F-4F7C-896D-297CC250C039}"
EndProject
Project("{9A19103F-16F7-4668-BE54-9A1E7A4F7556}") = "EngChart", "Kapitel-3\EngChart\EngChart.csproj", "{5F0F5450-8D38-42A4-BDAB-B0338B621BDE}"
EndProject
Project("{9A19103F-16F7-4668-BE54-9A1E7A4F7556}") = "InteractiveStory", "Kapitel-3\InteractiveStory\InteractiveStory.csproj", "{1BEBC869-B219-49CB-B955-C7527332CFBC}"
EndProject
Global
	GlobalSection(SolutionConfigurationPlatforms) = preSolution
		Debug|Any CPU = Debug|Any CPU
		Release|Any CPU = Release|Any CPU
	EndGlobalSection
	GlobalSection(ProjectConfigurationPlatforms) = postSolution
		{05901D29-BD3A-4E16-9389-3B05C8EF1D3D}.Debug|Any CPU.ActiveCfg = Debug|Any CPU
		{05901D29-BD3A-4E16-9389-3B05C8EF1D3D}.Debug|Any CPU.Build.0 = Debug|Any CPU
		{05901D29-BD3A-4E16-9389-3B05C8EF1D3D}.Release|Any CPU.ActiveCfg = Release|Any CPU
		{05901D29-BD3A-4E16-9389-3B05C8EF1D3D}.Release|Any CPU.Build.0 = Release|Any CPU
		{07C392A0-5935-40AD-8B92-B2AA455B5E7B}.Debug|Any CPU.ActiveCfg = Debug|Any CPU
		{07C392A0-5935-40AD-8B92-B2AA455B5E7B}.Debug|Any CPU.Build.0 = Debug|Any CPU
		{07C392A0-5935-40AD-8B92-B2AA455B5E7B}.Release|Any CPU.ActiveCfg = Release|Any CPU
		{07C392A0-5935-40AD-8B92-B2AA455B5E7B}.Release|Any CPU.Build.0 = Release|Any CPU
		{CF2AF9DA-CFF8-4A42-A9E8-AD54A257DCD8}.Debug|Any CPU.ActiveCfg = Debug|Any CPU
		{CF2AF9DA-CFF8-4A42-A9E8-AD54A257DCD8}.Debug|Any CPU.Build.0 = Debug|Any CPU
		{CF2AF9DA-CFF8-4A42-A9E8-AD54A257DCD8}.Release|Any CPU.ActiveCfg = Release|Any CPU
		{CF2AF9DA-CFF8-4A42-A9E8-AD54A257DCD8}.Release|Any CPU.Build.0 = Release|Any CPU
		{8E1156E1-044E-45F7-B1D8-EE7CDABDF9B9}.Debug|Any CPU.ActiveCfg = Debug|Any CPU
		{8E1156E1-044E-45F7-B1D8-EE7CDABDF9B9}.Debug|Any CPU.Build.0 = Debug|Any CPU
		{8E1156E1-044E-45F7-B1D8-EE7CDABDF9B9}.Release|Any CPU.ActiveCfg = Release|Any CPU
		{8E1156E1-044E-45F7-B1D8-EE7CDABDF9B9}.Release|Any CPU.Build.0 = Release|Any CPU
		{984735D3-95B3-46D3-A5E5-C7CFE8B622C0}.Debug|Any CPU.ActiveCfg = Debug|Any CPU
		{984735D3-95B3-46D3-A5E5-C7CFE8B622C0}.Debug|Any CPU.Build.0 = Debug|Any CPU
		{984735D3-95B3-46D3-A5E5-C7CFE8B622C0}.Release|Any CPU.ActiveCfg = Release|Any CPU
		{984735D3-95B3-46D3-A5E5-C7CFE8B622C0}.Release|Any CPU.Build.0 = Release|Any CPU
		{7F8BC35D-0F65-4F90-94BC-F6569235F817}.Debug|Any CPU.ActiveCfg = Debug|Any CPU
		{7F8BC35D-0F65-4F90-94BC-F6569235F817}.Debug|Any CPU.Build.0 = Debug|Any CPU
		{7F8BC35D-0F65-4F90-94BC-F6569235F817}.Release|Any CPU.ActiveCfg = Release|Any CPU
		{7F8BC35D-0F65-4F90-94BC-F6569235F817}.Release|Any CPU.Build.0 = Release|Any CPU
		{5F0F5450-8D38-42A4-BDAB-B0338B621BDE}.Debug|Any CPU.ActiveCfg = Debug|Any CPU
		{5F0F5450-8D38-42A4-BDAB-B0338B621BDE}.Debug|Any CPU.Build.0 = Debug|Any CPU
		{5F0F5450-8D38-42A4-BDAB-B0338B621BDE}.Release|Any CPU.ActiveCfg = Release|Any CPU
		{5F0F5450-8D38-42A4-BDAB-B0338B621BDE}.Release|Any CPU.Build.0 = Release|Any CPU
		{1BEBC869-B219-49CB-B955-C7527332CFBC}.Debug|Any CPU.ActiveCfg = Debug|Any CPU
		{1BEBC869-B219-49CB-B955-C7527332CFBC}.Debug|Any CPU.Build.0 = Debug|Any CPU
		{1BEBC869-B219-49CB-B955-C7527332CFBC}.Release|Any CPU.ActiveCfg = Release|Any CPU
		{1BEBC869-B219-49CB-B955-C7527332CFBC}.Release|Any CPU.Build.0 = Release|Any CPU
	EndGlobalSection
	GlobalSection(SolutionProperties) = preSolution
		HideSolutionNode = FALSE
	EndGlobalSection
	GlobalSection(NestedProjects) = preSolution
		{07C392A0-5935-40AD-8B92-B2AA455B5E7B} = {00286116-6768-495C-9F7F-557F80DE98E5}
		{CF2AF9DA-CFF8-4A42-A9E8-AD54A257DCD8} = {00286116-6768-495C-9F7F-557F80DE98E5}
		{8E1156E1-044E-45F7-B1D8-EE7CDABDF9B9} = {00286116-6768-495C-9F7F-557F80DE98E5}
		{984735D3-95B3-46D3-A5E5-C7CFE8B622C0} = {00286116-6768-495C-9F7F-557F80DE98E5}
		{7F8BC35D-0F65-4F90-94BC-F6569235F817} = {00286116-6768-495C-9F7F-557F80DE98E5}
		{5F0F5450-8D38-42A4-BDAB-B0338B621BDE} = {30BEF356-EE5F-4F7C-896D-297CC250C039}
		{1BEBC869-B219-49CB-B955-C7527332CFBC} = {30BEF356-EE5F-4F7C-896D-297CC250C039}
	EndGlobalSection
	GlobalSection(ExtensibilityGlobals) = postSolution
		SolutionGuid = {2D76C46C-A758-470D-8CA3-EF894D46D07B}
	EndGlobalSection
EndGlobal
