
Microsoft Visual Studio Solution File, Format Version 12.00
# Visual Studio Version 17
VisualStudioVersion = 17.5.002.0
MinimumVisualStudioVersion = 10.0.40219.1
Project("{9A19103F-16F7-4668-BE54-9A1E7A4F7556}") = "ForLoop", "ForLoop.csproj", "{5D944DC7-5301-4A2C-AD6A-6CD1EDBE7202}"
EndProject
Global
	GlobalSection(SolutionConfigurationPlatforms) = preSolution
		Debug|Any CPU = Debug|Any CPU
		Release|Any CPU = Release|Any CPU
	EndGlobalSection
	GlobalSection(ProjectConfigurationPlatforms) = postSolution
		{5D944DC7-5301-4A2C-AD6A-6CD1EDBE7202}.Debug|Any CPU.ActiveCfg = Debug|Any CPU
		{5D944DC7-5301-4A2C-AD6A-6CD1EDBE7202}.Debug|Any CPU.Build.0 = Debug|Any CPU
		{5D944DC7-5301-4A2C-AD6A-6CD1EDBE7202}.Release|Any CPU.ActiveCfg = Release|Any CPU
		{5D944DC7-5301-4A2C-AD6A-6CD1EDBE7202}.Release|Any CPU.Build.0 = Release|Any CPU
	EndGlobalSection
	GlobalSection(SolutionProperties) = preSolution
		HideSolutionNode = FALSE
	EndGlobalSection
	GlobalSection(ExtensibilityGlobals) = postSolution
		SolutionGuid = {505BD733-303F-4971-93A5-3A0AF353D199}
	EndGlobalSection
EndGlobal
