
Microsoft Visual Studio Solution File, Format Version 12.00
# Visual Studio Version 17
VisualStudioVersion = 17.5.002.0
MinimumVisualStudioVersion = 10.0.40219.1
Project("{9A19103F-16F7-4668-BE54-9A1E7A4F7556}") = "HelloWorld", "HelloWorld.csproj", "{519417FD-CE0E-4B67-8B47-4C52025114B4}"
EndProject
Global
	GlobalSection(SolutionConfigurationPlatforms) = preSolution
		Debug|Any CPU = Debug|Any CPU
		Release|Any CPU = Release|Any CPU
	EndGlobalSection
	GlobalSection(ProjectConfigurationPlatforms) = postSolution
		{519417FD-CE0E-4B67-8B47-4C52025114B4}.Debug|Any CPU.ActiveCfg = Debug|Any CPU
		{519417FD-CE0E-4B67-8B47-4C52025114B4}.Debug|Any CPU.Build.0 = Debug|Any CPU
		{519417FD-CE0E-4B67-8B47-4C52025114B4}.Release|Any CPU.ActiveCfg = Release|Any CPU
		{519417FD-CE0E-4B67-8B47-4C52025114B4}.Release|Any CPU.Build.0 = Release|Any CPU
	EndGlobalSection
	GlobalSection(SolutionProperties) = preSolution
		HideSolutionNode = FALSE
	EndGlobalSection
	GlobalSection(ExtensibilityGlobals) = postSolution
		SolutionGuid = {27AD882B-6F4E-42F1-AA9D-0CE152F92DB7}
	EndGlobalSection
EndGlobal
