
Microsoft Visual Studio Solution File, Format Version 12.00
# Visual Studio Version 17
VisualStudioVersion = 17.5.002.0
MinimumVisualStudioVersion = 10.0.40219.1
Project("{9A19103F-16F7-4668-BE54-9A1E7A4F7556}") = "5.3", "5.3.csproj", "{83B54303-97AF-423B-8289-18FA63217445}"
EndProject
Global
	GlobalSection(SolutionConfigurationPlatforms) = preSolution
		Debug|Any CPU = Debug|Any CPU
		Release|Any CPU = Release|Any CPU
	EndGlobalSection
	GlobalSection(ProjectConfigurationPlatforms) = postSolution
		{83B54303-97AF-423B-8289-18FA63217445}.Debug|Any CPU.ActiveCfg = Debug|Any CPU
		{83B54303-97AF-423B-8289-18FA63217445}.Debug|Any CPU.Build.0 = Debug|Any CPU
		{83B54303-97AF-423B-8289-18FA63217445}.Release|Any CPU.ActiveCfg = Release|Any CPU
		{83B54303-97AF-423B-8289-18FA63217445}.Release|Any CPU.Build.0 = Release|Any CPU
	EndGlobalSection
	GlobalSection(SolutionProperties) = preSolution
		HideSolutionNode = FALSE
	EndGlobalSection
	GlobalSection(ExtensibilityGlobals) = postSolution
		SolutionGuid = {4CE20D0E-12D7-4738-A48C-3D992EF952DA}
	EndGlobalSection
EndGlobal
