
Microsoft Visual Studio Solution File, Format Version 12.00
# Visual Studio Version 17
VisualStudioVersion = 17.5.002.0
MinimumVisualStudioVersion = 10.0.40219.1
Project("{9A19103F-16F7-4668-BE54-9A1E7A4F7556}") = "Åldersregler", "Åldersregler.csproj", "{32D47FC0-B2C1-413E-AF0D-94C3B8778580}"
EndProject
Global
	GlobalSection(SolutionConfigurationPlatforms) = preSolution
		Debug|Any CPU = Debug|Any CPU
		Release|Any CPU = Release|Any CPU
	EndGlobalSection
	GlobalSection(ProjectConfigurationPlatforms) = postSolution
		{32D47FC0-B2C1-413E-AF0D-94C3B8778580}.Debug|Any CPU.ActiveCfg = Debug|Any CPU
		{32D47FC0-B2C1-413E-AF0D-94C3B8778580}.Debug|Any CPU.Build.0 = Debug|Any CPU
		{32D47FC0-B2C1-413E-AF0D-94C3B8778580}.Release|Any CPU.ActiveCfg = Release|Any CPU
		{32D47FC0-B2C1-413E-AF0D-94C3B8778580}.Release|Any CPU.Build.0 = Release|Any CPU
	EndGlobalSection
	GlobalSection(SolutionProperties) = preSolution
		HideSolutionNode = FALSE
	EndGlobalSection
	GlobalSection(ExtensibilityGlobals) = postSolution
		SolutionGuid = {8FF67CFC-D04D-49AA-9212-40E53E04FF1C}
	EndGlobalSection
EndGlobal
