
Microsoft Visual Studio Solution File, Format Version 12.00
# Visual Studio Version 17
VisualStudioVersion = 17.5.002.0
MinimumVisualStudioVersion = 10.0.40219.1
Project("{9A19103F-16F7-4668-BE54-9A1E7A4F7556}") = "SträngHantering5", "SträngHantering5.csproj", "{F750FE7A-27CC-423B-ADE6-6E1C3407C848}"
EndProject
Global
	GlobalSection(SolutionConfigurationPlatforms) = preSolution
		Debug|Any CPU = Debug|Any CPU
		Release|Any CPU = Release|Any CPU
	EndGlobalSection
	GlobalSection(ProjectConfigurationPlatforms) = postSolution
		{F750FE7A-27CC-423B-ADE6-6E1C3407C848}.Debug|Any CPU.ActiveCfg = Debug|Any CPU
		{F750FE7A-27CC-423B-ADE6-6E1C3407C848}.Debug|Any CPU.Build.0 = Debug|Any CPU
		{F750FE7A-27CC-423B-ADE6-6E1C3407C848}.Release|Any CPU.ActiveCfg = Release|Any CPU
		{F750FE7A-27CC-423B-ADE6-6E1C3407C848}.Release|Any CPU.Build.0 = Release|Any CPU
	EndGlobalSection
	GlobalSection(SolutionProperties) = preSolution
		HideSolutionNode = FALSE
	EndGlobalSection
	GlobalSection(ExtensibilityGlobals) = postSolution
		SolutionGuid = {C66567B8-3F54-4E12-BCA5-8E86BA88C3EC}
	EndGlobalSection
EndGlobal
