
Microsoft Visual Studio Solution File, Format Version 12.00
# Visual Studio Version 17
VisualStudioVersion = 17.5.002.0
MinimumVisualStudioVersion = 10.0.40219.1
Project("{9A19103F-16F7-4668-BE54-9A1E7A4F7556}") = "MenyProgram", "MenyProgram.csproj", "{D93C3D77-9A40-423D-BF5C-59B9702ED251}"
EndProject
Global
	GlobalSection(SolutionConfigurationPlatforms) = preSolution
		Debug|Any CPU = Debug|Any CPU
		Release|Any CPU = Release|Any CPU
	EndGlobalSection
	GlobalSection(ProjectConfigurationPlatforms) = postSolution
		{D93C3D77-9A40-423D-BF5C-59B9702ED251}.Debug|Any CPU.ActiveCfg = Debug|Any CPU
		{D93C3D77-9A40-423D-BF5C-59B9702ED251}.Debug|Any CPU.Build.0 = Debug|Any CPU
		{D93C3D77-9A40-423D-BF5C-59B9702ED251}.Release|Any CPU.ActiveCfg = Release|Any CPU
		{D93C3D77-9A40-423D-BF5C-59B9702ED251}.Release|Any CPU.Build.0 = Release|Any CPU
	EndGlobalSection
	GlobalSection(SolutionProperties) = preSolution
		HideSolutionNode = FALSE
	EndGlobalSection
	GlobalSection(ExtensibilityGlobals) = postSolution
		SolutionGuid = {C27C4AB2-C6E3-4156-B203-9CD79F856847}
	EndGlobalSection
EndGlobal
