
Microsoft Visual Studio Solution File, Format Version 12.00
# Visual Studio Version 17
VisualStudioVersion = 17.5.002.0
MinimumVisualStudioVersion = 10.0.40219.1
Project("{9A19103F-16F7-4668-BE54-9A1E7A4F7556}") = "Listor_Övningar3", "Listor_Övningar3.csproj", "{828D1FDF-1EA4-4D3E-8890-F7D95F7A1899}"
EndProject
Global
	GlobalSection(SolutionConfigurationPlatforms) = preSolution
		Debug|Any CPU = Debug|Any CPU
		Release|Any CPU = Release|Any CPU
	EndGlobalSection
	GlobalSection(ProjectConfigurationPlatforms) = postSolution
		{828D1FDF-1EA4-4D3E-8890-F7D95F7A1899}.Debug|Any CPU.ActiveCfg = Debug|Any CPU
		{828D1FDF-1EA4-4D3E-8890-F7D95F7A1899}.Debug|Any CPU.Build.0 = Debug|Any CPU
		{828D1FDF-1EA4-4D3E-8890-F7D95F7A1899}.Release|Any CPU.ActiveCfg = Release|Any CPU
		{828D1FDF-1EA4-4D3E-8890-F7D95F7A1899}.Release|Any CPU.Build.0 = Release|Any CPU
	EndGlobalSection
	GlobalSection(SolutionProperties) = preSolution
		HideSolutionNode = FALSE
	EndGlobalSection
	GlobalSection(ExtensibilityGlobals) = postSolution
		SolutionGuid = {3B0FD5A2-36E9-4EEC-83A5-25EE59EB4344}
	EndGlobalSection
EndGlobal
